# This file is automatically @generated by Cargo.
# It is not intended for manual editing.
version = 4

[[package]]
name = "aho-corasick"
version = "1.1.4"
source = "registry+https://github.com/rust-lang/crates.io-index"
checksum = "ddd31a130427c27518df266943a5308ed92d4b226cc639f5a8f1002816174301"
dependencies = [
 "memchr",
]

[[package]]
name = "autocfg"
version = "1.5.0"
source = "registry+https://github.com/rust-lang/crates.io-index"
checksum = "c08606f8c3cbf4ce6ec8e28fb0014a2c086708fe954eaa885384a6165172e7e8"

[[package]]
name = "builder"
version = "0.1.0"
source = "git+https://github.com/ClaytonKnittel/cknittel-util.git?rev=f267aa482abb1820b4fe2f890c073723f8569efe#f267aa482abb1820b4fe2f890c073723f8569efe"
dependencies = [
 "proc-macro-error",
 "proc-macro-util",
 "proc-macro2",
 "quote",
 "syn 2.0.117",
]

[[package]]
name = "cknittel-util"
version = "0.1.0"
source = "git+https://github.com/ClaytonKnittel/cknittel-util.git?rev=f267aa482abb1820b4fe2f890c073723f8569efe#f267aa482abb1820b4fe2f890c073723f8569efe"
dependencies = [
 "builder",
 "from-variants",
 "proc-macro-util",
 "util-impl",
]

[[package]]
name = "either"
version = "1.15.0"
source = "registry+https://github.com/rust-lang/crates.io-index"
checksum = "48c757948c5ede0e46177b7add2e67155f70e33c07fea8284df6576da70b3719"

[[package]]
name = "from-variants"
version = "0.1.0"
source = "git+https://github.com/ClaytonKnittel/cknittel-util.git?rev=f267aa482abb1820b4fe2f890c073723f8569efe#f267aa482abb1820b4fe2f890c073723f8569efe"
dependencies = [
 "proc-macro-error",
 "proc-macro-util",
 "proc-macro2",
 "quote",
 "syn 2.0.117",
]

[[package]]
name = "googletest"
version = "0.14.2"
source = "registry+https://github.com/rust-lang/crates.io-index"
checksum = "06597b7d02ee58b9a37f522785ac15b9e18c6b178747c4439a6c03fbb35ea753"
dependencies = [
 "googletest_macro",
 "num-traits",
 "regex",
 "rustversion",
]

[[package]]
name = "googletest_macro"
version = "0.14.2"
source = "registry+https://github.com/rust-lang/crates.io-index"
checksum = "c31d9f07c9c19b855faebf71637be3b43f8e13a518aece5d61a3beee7710b4ef"
dependencies = [
 "proc-macro2",
 "quote",
 "syn 2.0.117",
]

[[package]]
name = "itertools"
version = "0.14.0"
source = "registry+https://github.com/rust-lang/crates.io-index"
checksum = "2b192c782037fadd9cfa75548310488aabdbf3d2da73885b31bd0abd03351285"
dependencies = [
 "either",
]

[[package]]
name = "jang"
version = "0.1.0"
dependencies = [
 "cknittel-util",
 "googletest",
 "itertools",
 "parser_generator",
]

[[package]]
name = "lr_table"
version = "0.1.0"
source = "git+https://github.com/ClaytonKnittel/parser_generator.git?rev=260c45648771ebb0fe8f14359705950ff4ad7d6b#260c45648771ebb0fe8f14359705950ff4ad7d6b"
dependencies = [
 "cknittel-util",
 "googletest",
 "itertools",
]

[[package]]
name = "memchr"
version = "2.8.0"
source = "registry+https://github.com/rust-lang/crates.io-index"
checksum = "f8ca58f447f06ed17d5fc4043ce1b10dd205e060fb3ce5b979b8ed8e59ff3f79"

[[package]]
name = "num-traits"
version = "0.2.19"
source = "registry+https://github.com/rust-lang/crates.io-index"
checksum = "071dfc062690e90b734c0b2273ce72ad0ffa95f0c74596bc250dcfd960262841"
dependencies = [
 "autocfg",
]

[[package]]
name = "parser-user-error"
version = "0.1.0"
source = "git+https://github.com/ClaytonKnittel/parser_generator.git?rev=260c45648771ebb0fe8f14359705950ff4ad7d6b#260c45648771ebb0fe8f14359705950ff4ad7d6b"
dependencies = [
 "proc-macro-error",
 "proc-macro2",
 "quote",
 "syn 2.0.117",
]

[[package]]
name = "parser_generator"
version = "0.1.0"
source = "git+https://github.com/ClaytonKnittel/parser_generator.git?rev=260c45648771ebb0fe8f14359705950ff4ad7d6b#260c45648771ebb0fe8f14359705950ff4ad7d6b"
dependencies = [
 "googletest",
 "parser-user-error",
 "parser_generator_impl",
]

[[package]]
name = "parser_generator_impl"
version = "0.1.0"
source = "git+https://github.com/ClaytonKnittel/parser_generator.git?rev=260c45648771ebb0fe8f14359705950ff4ad7d6b#260c45648771ebb0fe8f14359705950ff4ad7d6b"
dependencies = [
 "cknittel-util",
 "itertools",
 "lr_table",
 "proc-macro-error",
 "proc-macro2",
 "quote",
 "syn 2.0.117",
]

[[package]]
name = "proc-macro-error"
version = "1.0.4"
source = "registry+https://github.com/rust-lang/crates.io-index"
checksum = "da25490ff9892aab3fcf7c36f08cfb902dd3e71ca0f9f9517bea02a73a5ce38c"
dependencies = [
 "proc-macro-error-attr",
 "proc-macro2",
 "quote",
 "syn 1.0.109",
 "version_check",
]

[[package]]
name = "proc-macro-error-attr"
version = "1.0.4"
source = "registry+https://github.com/rust-lang/crates.io-index"
checksum = "a1be40180e52ecc98ad80b184934baf3d0d29f979574e439af5a55274b35f869"
dependencies = [
 "proc-macro2",
 "quote",
 "version_check",
]

[[package]]
name = "proc-macro-util"
version = "0.1.0"
source = "git+https://github.com/ClaytonKnittel/cknittel-util.git?rev=f267aa482abb1820b4fe2f890c073723f8569efe#f267aa482abb1820b4fe2f890c073723f8569efe"
dependencies = [
 "proc-macro2",
]

[[package]]
name = "proc-macro2"
version = "1.0.106"
source = "registry+https://github.com/rust-lang/crates.io-index"
checksum = "8fd00f0bb2e90d81d1044c2b32617f68fcb9fa3bb7640c23e9c748e53fb30934"
dependencies = [
 "unicode-ident",
]

[[package]]
name = "quote"
version = "1.0.45"
source = "registry+https://github.com/rust-lang/crates.io-index"
checksum = "41f2619966050689382d2b44f664f4bc593e129785a36d6ee376ddf37259b924"
dependencies = [
 "proc-macro2",
]

[[package]]
name = "regex"
version = "1.12.3"
source = "registry+https://github.com/rust-lang/crates.io-index"
checksum = "e10754a14b9137dd7b1e3e5b0493cc9171fdd105e0ab477f51b72e7f3ac0e276"
dependencies = [
 "aho-corasick",
 "memchr",
 "regex-automata",
 "regex-syntax",
]

[[package]]
name = "regex-automata"
version = "0.4.14"
source = "registry+https://github.com/rust-lang/crates.io-index"
checksum = "6e1dd4122fc1595e8162618945476892eefca7b88c52820e74af6262213cae8f"
dependencies = [
 "aho-corasick",
 "memchr",
 "regex-syntax",
]

[[package]]
name = "regex-syntax"
version = "0.8.10"
source = "registry+https://github.com/rust-lang/crates.io-index"
checksum = "dc897dd8d9e8bd1ed8cdad82b5966c3e0ecae09fb1907d58efaa013543185d0a"

[[package]]
name = "rustversion"
version = "1.0.22"
source = "registry+https://github.com/rust-lang/crates.io-index"
checksum = "b39cdef0fa800fc44525c84ccb54a029961a8215f9619753635a9c0d2538d46d"

[[package]]
name = "syn"
version = "1.0.109"
source = "registry+https://github.com/rust-lang/crates.io-index"
checksum = "72b64191b275b66ffe2469e8af2c1cfe3bafa67b529ead792a6d0160888b4237"
dependencies = [
 "proc-macro2",
 "unicode-ident",
]

[[package]]
name = "syn"
version = "2.0.117"
source = "registry+https://github.com/rust-lang/crates.io-index"
checksum = "e665b8803e7b1d2a727f4023456bbbbe74da67099c585258af0ad9c5013b9b99"
dependencies = [
 "proc-macro2",
 "quote",
 "unicode-ident",
]

[[package]]
name = "unicode-ident"
version = "1.0.24"
source = "registry+https://github.com/rust-lang/crates.io-index"
checksum = "e6e4313cd5fcd3dad5cafa179702e2b244f760991f45397d14d4ebf38247da75"

[[package]]
name = "util-impl"
version = "0.1.0"
source = "git+https://github.com/ClaytonKnittel/cknittel-util.git?rev=f267aa482abb1820b4fe2f890c073723f8569efe#f267aa482abb1820b4fe2f890c073723f8569efe"
dependencies = [
 "num-traits",
]

[[package]]
name = "version_check"
version = "0.9.5"
source = "registry+https://github.com/rust-lang/crates.io-index"
checksum = "0b928f33d975fc6ad9f86c8f283853ad26bdd5b10b7f1542aa2fa15e2289105a"
